
Microsoft Visual Studio Solution File, Format Version 12.00
# Visual Studio Version 16
VisualStudioVersion = 16.0.32106.194
MinimumVisualStudioVersion = 10.0.40219.1
Project("{FAE04EC0-301F-11D3-BF4B-00C04F79EFBC}") = "Chess0", "Chess0\Chess0.csproj", "{C77AC15A-74AF-4C8F-942E-BD5D6E46C66E}"
EndProject
Global
	GlobalSection(SolutionConfigurationPlatforms) = preSolution
		Debug|Any CPU = Debug|Any CPU
		Release|Any CPU = Release|Any CPU
	EndGlobalSection
	GlobalSection(ProjectConfigurationPlatforms) = postSolution
		{C77AC15A-74AF-4C8F-942E-BD5D6E46C66E}.Debug|Any CPU.ActiveCfg = Debug|Any CPU
		{C77AC15A-74AF-4C8F-942E-BD5D6E46C66E}.Debug|Any CPU.Build.0 = Debug|Any CPU
		{C77AC15A-74AF-4C8F-942E-BD5D6E46C66E}.Release|Any CPU.ActiveCfg = Release|Any CPU
		{C77AC15A-74AF-4C8F-942E-BD5D6E46C66E}.Release|Any CPU.Build.0 = Release|Any CPU
	EndGlobalSection
	GlobalSection(SolutionProperties) = preSolution
		HideSolutionNode = FALSE
	EndGlobalSection
	GlobalSection(ExtensibilityGlobals) = postSolution
		SolutionGuid = {23DCA8AD-7A9D-4C7D-AAB0-BD01DE2CBDD1}
	EndGlobalSection
EndGlobal
